
Microsoft Visual Studio Solution File, Format Version 12.00
# Visual Studio Version 16
VisualStudioVersion = 16.0.31729.503
MinimumVisualStudioVersion = 10.0.40219.1
Project("{FAE04EC0-301F-11D3-BF4B-00C04F79EFBC}") = "MvcHelpers", "MvcHelpers.csproj", "{6F4C17B2-1060-4348-BB34-7080865420DF}"
EndProject
Global
	GlobalSection(SolutionConfigurationPlatforms) = preSolution
		Debug|Any CPU = Debug|Any CPU
		Release|Any CPU = Release|Any CPU
	EndGlobalSection
	GlobalSection(ProjectConfigurationPlatforms) = postSolution
		{6F4C17B2-1060-4348-BB34-7080865420DF}.Debug|Any CPU.ActiveCfg = Debug|Any CPU
		{6F4C17B2-1060-4348-BB34-7080865420DF}.Debug|Any CPU.Build.0 = Debug|Any CPU
		{6F4C17B2-1060-4348-BB34-7080865420DF}.Release|Any CPU.ActiveCfg = Release|Any CPU
		{6F4C17B2-1060-4348-BB34-7080865420DF}.Release|Any CPU.Build.0 = Release|Any CPU
	EndGlobalSection
	GlobalSection(SolutionProperties) = preSolution
		HideSolutionNode = FALSE
	EndGlobalSection
	GlobalSection(ExtensibilityGlobals) = postSolution
		SolutionGuid = {E210CDB1-7E19-436E-BB50-4B6ED3562D83}
	EndGlobalSection
EndGlobal
